
Microsoft Visual Studio Solution File, Format Version 12.00
# Visual Studio 15
VisualStudioVersion = 15.0.28307.1062
MinimumVisualStudioVersion = 10.0.40219.1
Project("{FAE04EC0-301F-11D3-BF4B-00C04F79EFBC}") = "WindowsFormsConsumirNet", "WindowsFormsConsumirNet\WindowsFormsConsumirNet.csproj", "{6D0A75FE-10DF-4D63-A7BE-EBA4C499BA18}"
EndProject
Global
	GlobalSection(SolutionConfigurationPlatforms) = preSolution
		Debug|Any CPU = Debug|Any CPU
		Release|Any CPU = Release|Any CPU
	EndGlobalSection
	GlobalSection(ProjectConfigurationPlatforms) = postSolution
		{6D0A75FE-10DF-4D63-A7BE-EBA4C499BA18}.Debug|Any CPU.ActiveCfg = Debug|Any CPU
		{6D0A75FE-10DF-4D63-A7BE-EBA4C499BA18}.Debug|Any CPU.Build.0 = Debug|Any CPU
		{6D0A75FE-10DF-4D63-A7BE-EBA4C499BA18}.Release|Any CPU.ActiveCfg = Release|Any CPU
		{6D0A75FE-10DF-4D63-A7BE-EBA4C499BA18}.Release|Any CPU.Build.0 = Release|Any CPU
	EndGlobalSection
	GlobalSection(SolutionProperties) = preSolution
		HideSolutionNode = FALSE
	EndGlobalSection
	GlobalSection(ExtensibilityGlobals) = postSolution
		SolutionGuid = {BEC6DA09-3F29-4C53-BE3D-A2AA4B2316EE}
	EndGlobalSection
EndGlobal
